
Microsoft Visual Studio Solution File, Format Version 12.00
# Visual Studio 15
VisualStudioVersion = 15.0.28010.2050
MinimumVisualStudioVersion = 10.0.40219.1
Project("{FAE04EC0-301F-11D3-BF4B-00C04F79EFBC}") = "WindowDockTest", "WindowDockTest\WindowDockTest.csproj", "{9A2657A0-8E58-4150-89E3-71D56459934F}"
EndProject
Global
	GlobalSection(SolutionConfigurationPlatforms) = preSolution
		Debug|Any CPU = Debug|Any CPU
		Release|Any CPU = Release|Any CPU
	EndGlobalSection
	GlobalSection(ProjectConfigurationPlatforms) = postSolution
		{9A2657A0-8E58-4150-89E3-71D56459934F}.Debug|Any CPU.ActiveCfg = Debug|Any CPU
		{9A2657A0-8E58-4150-89E3-71D56459934F}.Debug|Any CPU.Build.0 = Debug|Any CPU
		{9A2657A0-8E58-4150-89E3-71D56459934F}.Release|Any CPU.ActiveCfg = Release|Any CPU
		{9A2657A0-8E58-4150-89E3-71D56459934F}.Release|Any CPU.Build.0 = Release|Any CPU
	EndGlobalSection
	GlobalSection(SolutionProperties) = preSolution
		HideSolutionNode = FALSE
	EndGlobalSection
	GlobalSection(ExtensibilityGlobals) = postSolution
		SolutionGuid = {281FFAC9-1E98-4B48-BCA9-4EEC7A18F5E8}
	EndGlobalSection
EndGlobal
